
Microsoft Visual Studio Solution File, Format Version 12.00
# Visual Studio Version 17
VisualStudioVersion = 17.11.35312.102
MinimumVisualStudioVersion = 10.0.40219.1
Project("{FAE04EC0-301F-11D3-BF4B-00C04F79EFBC}") = "ConsoleApp", "ConsoleApp\ConsoleApp.csproj", "{9C119A1C-E08D-454B-89E4-FA977E409D77}"
EndProject
Project("{FAE04EC0-301F-11D3-BF4B-00C04F79EFBC}") = "WindowsFormsApp", "WindowsFormsApp\WindowsFormsApp.csproj", "{2403216A-DBE5-4BA5-B217-552070CD5206}"
EndProject
Project("{FAE04EC0-301F-11D3-BF4B-00C04F79EFBC}") = "Model", "Model\Model.csproj", "{5B111222-D7E1-4A3D-AEB4-D14B6047F334}"
EndProject
Project("{2150E333-8FDC-42A3-9474-1A3956D46DE8}") = "DataFiles", "DataFiles", "{BA8D25C1-7F42-4DE0-A471-1A52F0A8736D}"
	ProjectSection(SolutionItems) = preProject
		DataFiles\Car.json = DataFiles\Car.json
		DataFiles\id.txt = DataFiles\id.txt
		DataFiles\Owner.json = DataFiles\Owner.json
	EndProjectSection
EndProject
Global
	GlobalSection(SolutionConfigurationPlatforms) = preSolution
		Debug|Any CPU = Debug|Any CPU
		Release|Any CPU = Release|Any CPU
	EndGlobalSection
	GlobalSection(ProjectConfigurationPlatforms) = postSolution
		{9C119A1C-E08D-454B-89E4-FA977E409D77}.Debug|Any CPU.ActiveCfg = Debug|Any CPU
		{9C119A1C-E08D-454B-89E4-FA977E409D77}.Debug|Any CPU.Build.0 = Debug|Any CPU
		{9C119A1C-E08D-454B-89E4-FA977E409D77}.Release|Any CPU.ActiveCfg = Release|Any CPU
		{9C119A1C-E08D-454B-89E4-FA977E409D77}.Release|Any CPU.Build.0 = Release|Any CPU
		{2403216A-DBE5-4BA5-B217-552070CD5206}.Debug|Any CPU.ActiveCfg = Debug|Any CPU
		{2403216A-DBE5-4BA5-B217-552070CD5206}.Debug|Any CPU.Build.0 = Debug|Any CPU
		{2403216A-DBE5-4BA5-B217-552070CD5206}.Release|Any CPU.ActiveCfg = Release|Any CPU
		{2403216A-DBE5-4BA5-B217-552070CD5206}.Release|Any CPU.Build.0 = Release|Any CPU
		{5B111222-D7E1-4A3D-AEB4-D14B6047F334}.Debug|Any CPU.ActiveCfg = Debug|Any CPU
		{5B111222-D7E1-4A3D-AEB4-D14B6047F334}.Debug|Any CPU.Build.0 = Debug|Any CPU
		{5B111222-D7E1-4A3D-AEB4-D14B6047F334}.Release|Any CPU.ActiveCfg = Release|Any CPU
		{5B111222-D7E1-4A3D-AEB4-D14B6047F334}.Release|Any CPU.Build.0 = Release|Any CPU
	EndGlobalSection
	GlobalSection(SolutionProperties) = preSolution
		HideSolutionNode = FALSE
	EndGlobalSection
	GlobalSection(ExtensibilityGlobals) = postSolution
		SolutionGuid = {EA4E70E3-C315-4FFB-8E9B-9EFDB7CED8A0}
	EndGlobalSection
EndGlobal
